
Microsoft Visual Studio Solution File, Format Version 12.00
# Visual Studio Version 16
VisualStudioVersion = 16.0.30204.135
MinimumVisualStudioVersion = 10.0.40219.1
Project("{FAE04EC0-301F-11D3-BF4B-00C04F79EFBC}") = "WindowsFormsApp2", "WindowsFormsApp2\WindowsFormsApp2.csproj", "{F0C6A4FD-31DA-4C58-AF8D-4349D148220E}"
EndProject
Global
	GlobalSection(SolutionConfigurationPlatforms) = preSolution
		Debug|Any CPU = Debug|Any CPU
		Release|Any CPU = Release|Any CPU
	EndGlobalSection
	GlobalSection(ProjectConfigurationPlatforms) = postSolution
		{F0C6A4FD-31DA-4C58-AF8D-4349D148220E}.Debug|Any CPU.ActiveCfg = Debug|Any CPU
		{F0C6A4FD-31DA-4C58-AF8D-4349D148220E}.Debug|Any CPU.Build.0 = Debug|Any CPU
		{F0C6A4FD-31DA-4C58-AF8D-4349D148220E}.Release|Any CPU.ActiveCfg = Release|Any CPU
		{F0C6A4FD-31DA-4C58-AF8D-4349D148220E}.Release|Any CPU.Build.0 = Release|Any CPU
	EndGlobalSection
	GlobalSection(SolutionProperties) = preSolution
		HideSolutionNode = FALSE
	EndGlobalSection
	GlobalSection(ExtensibilityGlobals) = postSolution
		SolutionGuid = {368D8244-98CE-4037-9E11-6C3D04B65C79}
	EndGlobalSection
EndGlobal
